<?xml version="1.0" encoding="utf-8"?>
<Project ToolsVersion="4.0" xmlns="http://schemas.microsoft.com/developer/msbuild/2003">
  <ItemGroup>
    <Filter Include="源文件">
      <UniqueIdentifier>{4FC737F1-C7A5-4376-A066-2A32D752A2FF}</UniqueIdentifier>
      <Extensions>cpp;c;cc;cxx;def;odl;idl;hpj;bat;asm;asmx</Extensions>
    </Filter>
    <Filter Include="头文件">
      <UniqueIdentifier>{93995380-89BD-4b04-88EB-625FBE52EBFB}</UniqueIdentifier>
      <Extensions>h;hpp;hxx;hm;inl;inc;xsd</Extensions>
    </Filter>
    <Filter Include="资源文件">
      <UniqueIdentifier>{67DA6AB6-F800-4c08-8B7A-83BB121AAD01}</UniqueIdentifier>
      <Extensions>rc;ico;cur;bmp;dlg;rc2;rct;bin;rgs;gif;jpg;jpeg;jpe;resx;tiff;tif;png;wav;mfcribbon-ms</Extensions>
    </Filter>
    <Filter Include="ToolCode">
      <UniqueIdentifier>{88ef1334-694b-4678-a650-6348acffeed0}</UniqueIdentifier>
    </Filter>
  </ItemGroup>
  <ItemGroup>
    <None Include="ReadMe.txt" />
    <None Include="res\GIM.rc2">
      <Filter>资源文件</Filter>
    </None>
    <None Include="res\GIM.ico">
      <Filter>资源文件</Filter>
    </None>
  </ItemGroup>
  <ItemGroup>
    <ClInclude Include="GIM.h">
      <Filter>头文件</Filter>
    </ClInclude>
    <ClInclude Include="GIMDlg.h">
      <Filter>头文件</Filter>
    </ClInclude>
    <ClInclude Include="stdafx.h">
      <Filter>头文件</Filter>
    </ClInclude>
    <ClInclude Include="targetver.h">
      <Filter>头文件</Filter>
    </ClInclude>
    <ClInclude Include="Resource.h">
      <Filter>头文件</Filter>
    </ClInclude>
    <ClInclude Include="GIMModle.h">
      <Filter>头文件</Filter>
    </ClInclude>
    <ClInclude Include="..\..\ToolKits\ToolCode\Buffer.h">
      <Filter>ToolCode</Filter>
    </ClInclude>
    <ClInclude Include="..\..\ToolKits\ToolCode\XhCharString.h">
      <Filter>ToolCode</Filter>
    </ClInclude>
    <ClInclude Include="ExcelColumn.h">
      <Filter>头文件</Filter>
    </ClInclude>
    <ClInclude Include="..\..\ToolKits\ToolCode\excel9.h">
      <Filter>ToolCode</Filter>
    </ClInclude>
    <ClInclude Include="..\..\ToolKits\ToolCode\ExcelOper.h">
      <Filter>ToolCode</Filter>
    </ClInclude>
    <ClInclude Include="..\..\ToolKits\ToolCode\PropertyList.h">
      <Filter>ToolCode</Filter>
    </ClInclude>
    <ClInclude Include="..\..\ToolKits\ToolCode\PropertyListOper.h">
      <Filter>ToolCode</Filter>
    </ClInclude>
    <ClInclude Include="..\..\ToolKits\ToolCode\PropListItem.h">
      <Filter>ToolCode</Filter>
    </ClInclude>
    <ClInclude Include="..\..\ToolKits\ToolCode\ColorSelectComboBox.h">
      <Filter>ToolCode</Filter>
    </ClInclude>
    <ClInclude Include="..\..\ToolKits\ToolCode\LogFile.h">
      <Filter>ToolCode</Filter>
    </ClInclude>
    <ClInclude Include="..\..\ToolKits\ToolCode\folder_dialog.h">
      <Filter>ToolCode</Filter>
    </ClInclude>
    <ClInclude Include="..\..\ToolKits\ToolCode\Variant.h">
      <Filter>头文件</Filter>
    </ClInclude>
  </ItemGroup>
  <ItemGroup>
    <ClCompile Include="GIM.cpp">
      <Filter>源文件</Filter>
    </ClCompile>
    <ClCompile Include="GIMDlg.cpp">
      <Filter>源文件</Filter>
    </ClCompile>
    <ClCompile Include="stdafx.cpp">
      <Filter>源文件</Filter>
    </ClCompile>
    <ClCompile Include="GIMModle.cpp">
      <Filter>源文件</Filter>
    </ClCompile>
    <ClCompile Include="..\..\ToolKits\ToolCode\Buffer.cpp">
      <Filter>ToolCode</Filter>
    </ClCompile>
    <ClCompile Include="..\..\ToolKits\ToolCode\XhCharString.cpp">
      <Filter>ToolCode</Filter>
    </ClCompile>
    <ClCompile Include="..\..\ToolKits\ToolCode\excel9.cpp">
      <Filter>ToolCode</Filter>
    </ClCompile>
    <ClCompile Include="..\..\ToolKits\ToolCode\Variant.cpp">
      <Filter>ToolCode</Filter>
    </ClCompile>
    <ClCompile Include="..\..\ToolKits\ToolCode\PropertyList.cpp">
      <Filter>ToolCode</Filter>
    </ClCompile>
    <ClCompile Include="..\..\ToolKits\ToolCode\ColorSelectComboBox.cpp">
      <Filter>ToolCode</Filter>
    </ClCompile>
    <ClCompile Include="..\..\ToolKits\ToolCode\LogFile.cpp">
      <Filter>ToolCode</Filter>
    </ClCompile>
    <ClCompile Include="..\..\ToolKits\ToolCode\folder_dialog.cpp">
      <Filter>ToolCode</Filter>
    </ClCompile>
    <ClCompile Include="..\..\ToolKits\ToolCode\ExcelOper.cpp">
      <Filter>ToolCode</Filter>
    </ClCompile>
  </ItemGroup>
  <ItemGroup>
    <ResourceCompile Include="GIM.rc">
      <Filter>资源文件</Filter>
    </ResourceCompile>
  </ItemGroup>
</Project>